// !$*UTF8*$!
{
	archiveVersion = 1;
	classes = {
	};
	objectVersion = 55;
	objects = {

/* Begin PBXBuildFile section */
		02E9C58228429D2F002A4253 /* AppDelegate.swift in Sources */ = {isa = PBXBuildFile; fileRef = 02E9C58128429D2F002A4253 /* AppDelegate.swift */; };
		02E9C58428429D2F002A4253 /* SceneDelegate.swift in Sources */ = {isa = PBXBuildFile; fileRef = 02E9C58328429D2F002A4253 /* SceneDelegate.swift */; };
		02E9C58628429D2F002A4253 /* ViewController.swift in Sources */ = {isa = PBXBuildFile; fileRef = 02E9C58528429D2F002A4253 /* ViewController.swift */; };
		02E9C58928429D2F002A4253 /* Main.storyboard in Resources */ = {isa = PBXBuildFile; fileRef = 02E9C58728429D2F002A4253 /* Main.storyboard */; };
		02E9C58C28429D2F002A4253 /* Eventful.xcdatamodeld in Sources */ = {isa = PBXBuildFile; fileRef = 02E9C58A28429D2F002A4253 /* Eventful.xcdatamodeld */; };
		02E9C58E28429D32002A4253 /* Assets.xcassets in Resources */ = {isa = PBXBuildFile; fileRef = 02E9C58D28429D32002A4253 /* Assets.xcassets */; };
		02E9C59128429D32002A4253 /* LaunchScreen.storyboard in Resources */ = {isa = PBXBuildFile; fileRef = 02E9C58F28429D32002A4253 /* LaunchScreen.storyboard */; };
		02E9C5992842C01A002A4253 /* GoogleService-Info.plist in Resources */ = {isa = PBXBuildFile; fileRef = 02E9C5982842C01A002A4253 /* GoogleService-Info.plist */; };
		703348078DF87B0665107DD8 /* Pods_Eventful.framework in Frameworks */ = {isa = PBXBuildFile; fileRef = 6D8514A8220686BBDBF7E555 /* Pods_Eventful.framework */; };
/* End PBXBuildFile section */

/* Begin PBXFileReference section */
		02E9C57E28429D2F002A4253 /* Eventful.app */ = {isa = PBXFileReference; explicitFileType = wrapper.application; includeInIndex = 0; path = Eventful.app; sourceTree = BUILT_PRODUCTS_DIR; };
		02E9C58128429D2F002A4253 /* AppDelegate.swift */ = {isa = PBXFileReference; lastKnownFileType = sourcecode.swift; path = AppDelegate.swift; sourceTree = "<group>"; };
		02E9C58328429D2F002A4253 /* SceneDelegate.swift */ = {isa = PBXFileReference; lastKnownFileType = sourcecode.swift; path = SceneDelegate.swift; sourceTree = "<group>"; };
		02E9C58528429D2F002A4253 /* ViewController.swift */ = {isa = PBXFileReference; lastKnownFileType = sourcecode.swift; path = ViewController.swift; sourceTree = "<group>"; };
		02E9C58828429D2F002A4253 /* Base */ = {isa = PBXFileReference; lastKnownFileType = file.storyboard; name = Base; path = Base.lproj/Main.storyboard; sourceTree = "<group>"; };
		02E9C58B28429D2F002A4253 /* Eventful.xcdatamodel */ = {isa = PBXFileReference; lastKnownFileType = wrapper.xcdatamodel; path = Eventful.xcdatamodel; sourceTree = "<group>"; };
		02E9C58D28429D32002A4253 /* Assets.xcassets */ = {isa = PBXFileReference; lastKnownFileType = folder.assetcatalog; path = Assets.xcassets; sourceTree = "<group>"; };
		02E9C59028429D32002A4253 /* Base */ = {isa = PBXFileReference; lastKnownFileType = file.storyboard; name = Base; path = Base.lproj/LaunchScreen.storyboard; sourceTree = "<group>"; };
		02E9C59228429D32002A4253 /* Info.plist */ = {isa = PBXFileReference; lastKnownFileType = text.plist.xml; path = Info.plist; sourceTree = "<group>"; };
		02E9C5982842C01A002A4253 /* GoogleService-Info.plist */ = {isa = PBXFileReference; fileEncoding = 4; lastKnownFileType = text.plist.xml; path = "GoogleService-Info.plist"; sourceTree = "<group>"; };
		450C6264FC23D18163270047 /* Pods-Eventful.release.xcconfig */ = {isa = PBXFileReference; includeInIndex = 1; lastKnownFileType = text.xcconfig; name = "Pods-Eventful.release.xcconfig"; path = "Target Support Files/Pods-Eventful/Pods-Eventful.release.xcconfig"; sourceTree = "<group>"; };
		6D8514A8220686BBDBF7E555 /* Pods_Eventful.framework */ = {isa = PBXFileReference; explicitFileType = wrapper.framework; includeInIndex = 0; path = Pods_Eventful.framework; sourceTree = BUILT_PRODUCTS_DIR; };
		CA3799F107452DE7A1A8B0FE /* Pods-Eventful.debug.xcconfig */ = {isa = PBXFileReference; includeInIndex = 1; lastKnownFileType = text.xcconfig; name = "Pods-Eventful.debug.xcconfig"; path = "Target Support Files/Pods-Eventful/Pods-Eventful.debug.xcconfig"; sourceTree = "<group>"; };
/* End PBXFileReference section */

/* Begin PBXFrameworksBuildPhase section */
		02E9C57B28429D2F002A4253 /* Frameworks */ = {
			isa = PBXFrameworksBuildPhase;
			buildActionMask = 2147483647;
			files = (
				703348078DF87B0665107DD8 /* Pods_Eventful.framework in Frameworks */,
			);
			runOnlyForDeploymentPostprocessing = 0;
		};
/* End PBXFrameworksBuildPhase section */

/* Begin PBXGroup section */
		02E9C57528429D2F002A4253 = {
			isa = PBXGroup;
			children = (
				02E9C58028429D2F002A4253 /* Eventful */,
				02E9C57F28429D2F002A4253 /* Products */,
				F54FB27F1165B7FBA120CDA5 /* Pods */,
				0DA6AE5B8A04E9E917DC39DB /* Frameworks */,
			);
			sourceTree = "<group>";
		};
		02E9C57F28429D2F002A4253 /* Products */ = {
			isa = PBXGroup;
			children = (
				02E9C57E28429D2F002A4253 /* Eventful.app */,
			);
			name = Products;
			sourceTree = "<group>";
		};
		02E9C58028429D2F002A4253 /* Eventful */ = {
			isa = PBXGroup;
			children = (
				02E9C58128429D2F002A4253 /* AppDelegate.swift */,
				02E9C58328429D2F002A4253 /* SceneDelegate.swift */,
				02E9C58528429D2F002A4253 /* ViewController.swift */,
				02E9C58728429D2F002A4253 /* Main.storyboard */,
				02E9C58D28429D32002A4253 /* Assets.xcassets */,
				02E9C58F28429D32002A4253 /* LaunchScreen.storyboard */,
				02E9C59228429D32002A4253 /* Info.plist */,
				02E9C5982842C01A002A4253 /* GoogleService-Info.plist */,
				02E9C58A28429D2F002A4253 /* Eventful.xcdatamodeld */,
			);
			path = Eventful;
			sourceTree = "<group>";
		};
		0DA6AE5B8A04E9E917DC39DB /* Frameworks */ = {
			isa = PBXGroup;
			children = (
				6D8514A8220686BBDBF7E555 /* Pods_Eventful.framework */,
			);
			name = Frameworks;
			sourceTree = "<group>";
		};
		F54FB27F1165B7FBA120CDA5 /* Pods */ = {
			isa = PBXGroup;
			children = (
				CA3799F107452DE7A1A8B0FE /* Pods-Eventful.debug.xcconfig */,
				450C6264FC23D18163270047 /* Pods-Eventful.release.xcconfig */,
			);
			name = Pods;
			path = Pods;
			sourceTree = "<group>";
		};
/* End PBXGroup section */

/* Begin PBXNativeTarget section */
		02E9C57D28429D2F002A4253 /* Eventful */ = {
			isa = PBXNativeTarget;
			buildConfigurationList = 02E9C59528429D32002A4253 /* Build configuration list for PBXNativeTarget "Eventful" */;
			buildPhases = (
				4870BE9607788B23EAA4137B /* [CP] Check Pods Manifest.lock */,
				02E9C57A28429D2F002A4253 /* Sources */,
				02E9C57B28429D2F002A4253 /* Frameworks */,
				02E9C57C28429D2F002A4253 /* Resources */,
				4C9C72CD1A66A1B6CE0E9149 /* [CP] Embed Pods Frameworks */,
			);
			buildRules = (
			);
			dependencies = (
			);
			name = Eventful;
			productName = Eventful;
			productReference = 02E9C57E28429D2F002A4253 /* Eventful.app */;
			productType = "com.apple.product-type.application";
		};
/* End PBXNativeTarget section */

/* Begin PBXProject section */
		02E9C57628429D2F002A4253 /* Project object */ = {
			isa = PBXProject;
			attributes = {
				BuildIndependentTargetsInParallel = 1;
				LastSwiftUpdateCheck = 1330;
				LastUpgradeCheck = 1330;
				TargetAttributes = {
					02E9C57D28429D2F002A4253 = {
						CreatedOnToolsVersion = 13.3.1;
					};
				};
			};
			buildConfigurationList = 02E9C57928429D2F002A4253 /* Build configuration list for PBXProject "Eventful" */;
			compatibilityVersion = "Xcode 13.0";
			developmentRegion = en;
			hasScannedForEncodings = 0;
			knownRegions = (
				en,
				Base,
			);
			mainGroup = 02E9C57528429D2F002A4253;
			productRefGroup = 02E9C57F28429D2F002A4253 /* Products */;
			projectDirPath = "";
			projectRoot = "";
			targets = (
				02E9C57D28429D2F002A4253 /* Eventful */,
			);
		};
/* End PBXProject section */

/* Begin PBXResourcesBuildPhase section */
		02E9C57C28429D2F002A4253 /* Resources */ = {
			isa = PBXResourcesBuildPhase;
			buildActionMask = 2147483647;
			files = (
				02E9C5992842C01A002A4253 /* GoogleService-Info.plist in Resources */,
				02E9C59128429D32002A4253 /* LaunchScreen.storyboard in Resources */,
				02E9C58E28429D32002A4253 /* Assets.xcassets in Resources */,
				02E9C58928429D2F002A4253 /* Main.storyboard in Resources */,
			);
			runOnlyForDeploymentPostprocessing = 0;
		};
/* End PBXResourcesBuildPhase section */

/* Begin PBXShellScriptBuildPhase section */
		4870BE9607788B23EAA4137B /* [CP] Check Pods Manifest.lock */ = {
			isa = PBXShellScriptBuildPhase;
			buildActionMask = 2147483647;
			files = (
			);
			inputFileListPaths = (
			);
			inputPaths = (
				"${PODS_PODFILE_DIR_PATH}/Podfile.lock",
				"${PODS_ROOT}/Manifest.lock",
			);
			name = "[CP] Check Pods Manifest.lock";
			outputFileListPaths = (
			);
			outputPaths = (
				"$(DERIVED_FILE_DIR)/Pods-Eventful-checkManifestLockResult.txt",
			);
			runOnlyForDeploymentPostprocessing = 0;
			shellPath = /bin/sh;
			shellScript = "diff \"${PODS_PODFILE_DIR_PATH}/Podfile.lock\" \"${PODS_ROOT}/Manifest.lock\" > /dev/null\nif [ $? != 0 ] ; then\n    # print error to STDERR\n    echo \"error: The sandbox is not in sync with the Podfile.lock. Run 'pod install' or update your CocoaPods installation.\" >&2\n    exit 1\nfi\n# This output is used by Xcode 'outputs' to avoid re-running this script phase.\necho \"SUCCESS\" > \"${SCRIPT_OUTPUT_FILE_0}\"\n";
			showEnvVarsInLog = 0;
		};
		4C9C72CD1A66A1B6CE0E9149 /* [CP] Embed Pods Frameworks */ = {
			isa = PBXShellScriptBuildPhase;
			buildActionMask = 2147483647;
			files = (
			);
			inputFileListPaths = (
				"${PODS_ROOT}/Target Support Files/Pods-Eventful/Pods-Eventful-frameworks-${CONFIGURATION}-input-files.xcfilelist",
			);
			name = "[CP] Embed Pods Frameworks";
			outputFileListPaths = (
				"${PODS_ROOT}/Target Support Files/Pods-Eventful/Pods-Eventful-frameworks-${CONFIGURATION}-output-files.xcfilelist",
			);
			runOnlyForDeploymentPostprocessing = 0;
			shellPath = /bin/sh;
			shellScript = "\"${PODS_ROOT}/Target Support Files/Pods-Eventful/Pods-Eventful-frameworks.sh\"\n";
			showEnvVarsInLog = 0;
		};
/* End PBXShellScriptBuildPhase section */

/* Begin PBXSourcesBuildPhase section */
		02E9C57A28429D2F002A4253 /* Sources */ = {
			isa = PBXSourcesBuildPhase;
			buildActionMask = 2147483647;
			files = (
				02E9C58628429D2F002A4253 /* ViewController.swift in Sources */,
				02E9C58228429D2F002A4253 /* AppDelegate.swift in Sources */,
				02E9C58C28429D2F002A4253 /* Eventful.xcdatamodeld in Sources */,
				02E9C58428429D2F002A4253 /* SceneDelegate.swift in Sources */,
			);
			runOnlyForDeploymentPostprocessing = 0;
		};
/* End PBXSourcesBuildPhase section */

/* Begin PBXVariantGroup section */
		02E9C58728429D2F002A4253 /* Main.storyboard */ = {
			isa = PBXVariantGroup;
			children = (
				02E9C58828429D2F002A4253 /* Base */,
			);
			name = Main.storyboard;
			sourceTree = "<group>";
		};
		02E9C58F28429D32002A4253 /* LaunchScreen.storyboard */ = {
			isa = PBXVariantGroup;
			children = (
				02E9C59028429D32002A4253 /* Base */,
			);
			name = LaunchScreen.storyboard;
			sourceTree = "<group>";
		};
/* End PBXVariantGroup section */

/* Begin XCBuildConfiguration section */
		02E9C59328429D32002A4253 /* Debug */ = {
			isa = XCBuildConfiguration;
			buildSettings = {
				ALWAYS_SEARCH_USER_PATHS = NO;
				CLANG_ANALYZER_NONNULL = YES;
				CLANG_ANALYZER_NUMBER_OBJECT_CONVERSION = YES_AGGRESSIVE;
				CLANG_CXX_LANGUAGE_STANDARD = "gnu++17";
				CLANG_ENABLE_MODULES = YES;
				CLANG_ENABLE_OBJC_ARC = YES;
				CLANG_ENABLE_OBJC_WEAK = YES;
				CLANG_WARN_BLOCK_CAPTURE_AUTORELEASING = YES;
				CLANG_WARN_BOOL_CONVERSION = YES;
				CLANG_WARN_COMMA = YES;
				CLANG_WARN_CONSTANT_CONVERSION = YES;
				CLANG_WARN_DEPRECATED_OBJC_IMPLEMENTATIONS = YES;
				CLANG_WARN_DIRECT_OBJC_ISA_USAGE = YES_ERROR;
				CLANG_WARN_DOCUMENTATION_COMMENTS = YES;
				CLANG_WARN_EMPTY_BODY = YES;
				CLANG_WARN_ENUM_CONVERSION = YES;
				CLANG_WARN_INFINITE_RECURSION = YES;
				CLANG_WARN_INT_CONVERSION = YES;
				CLANG_WARN_NON_LITERAL_NULL_CONVERSION = YES;
				CLANG_WARN_OBJC_IMPLICIT_RETAIN_SELF = YES;
				CLANG_WARN_OBJC_LITERAL_CONVERSION = YES;
				CLANG_WARN_OBJC_ROOT_CLASS = YES_ERROR;
				CLANG_WARN_QUOTED_INCLUDE_IN_FRAMEWORK_HEADER = YES;
				CLANG_WARN_RANGE_LOOP_ANALYSIS = YES;
				CLANG_WARN_STRICT_PROTOTYPES = YES;
				CLANG_WARN_SUSPICIOUS_MOVE = YES;
				CLANG_WARN_UNGUARDED_AVAILABILITY = YES_AGGRESSIVE;
				CLANG_WARN_UNREACHABLE_CODE = YES;
				CLANG_WARN__DUPLICATE_METHOD_MATCH = YES;
				COPY_PHASE_STRIP = NO;
				DEBUG_INFORMATION_FORMAT = dwarf;
				ENABLE_STRICT_OBJC_MSGSEND = YES;
				ENABLE_TESTABILITY = YES;
				GCC_C_LANGUAGE_STANDARD = gnu11;
				GCC_DYNAMIC_NO_PIC = NO;
				GCC_NO_COMMON_BLOCKS = YES;
				GCC_OPTIMIZATION_LEVEL = 0;
				GCC_PREPROCESSOR_DEFINITIONS = (
					"DEBUG=1",
					"$(inherited)",
				);
				GCC_WARN_64_TO_32_BIT_CONVERSION = YES;
				GCC_WARN_ABOUT_RETURN_TYPE = YES_ERROR;
				GCC_WARN_UNDECLARED_SELECTOR = YES;
				GCC_WARN_UNINITIALIZED_AUTOS = YES_AGGRESSIVE;
				GCC_WARN_UNUSED_FUNCTION = YES;
				GCC_WARN_UNUSED_VARIABLE = YES;
				IPHONEOS_DEPLOYMENT_TARGET = 15.0;
				MTL_ENABLE_DEBUG_INFO = INCLUDE_SOURCE;
				MTL_FAST_MATH = YES;
				ONLY_ACTIVE_ARCH = YES;
				SDKROOT = iphoneos;
				SWIFT_ACTIVE_COMPILATION_CONDITIONS = DEBUG;
				SWIFT_OPTIMIZATION_LEVEL = "-Onone";
			};
			name = Debug;
		};
		02E9C59428429D32002A4253 /* Release */ = {
			isa = XCBuildConfiguration;
			buildSettings = {
				ALWAYS_SEARCH_USER_PATHS = NO;
				CLANG_ANALYZER_NONNULL = YES;
				CLANG_ANALYZER_NUMBER_OBJECT_CONVERSION = YES_AGGRESSIVE;
				CLANG_CXX_LANGUAGE_STANDARD = "gnu++17";
				CLANG_ENABLE_MODULES = YES;
				CLANG_ENABLE_OBJC_ARC = YES;
				CLANG_ENABLE_OBJC_WEAK = YES;
				CLANG_WARN_BLOCK_CAPTURE_AUTORELEASING = YES;
				CLANG_WARN_BOOL_CONVERSION = YES;
				CLANG_WARN_COMMA = YES;
				CLANG_WARN_CONSTANT_CONVERSION = YES;
				CLANG_WARN_DEPRECATED_OBJC_IMPLEMENTATIONS = YES;
				CLANG_WARN_DIRECT_OBJC_ISA_USAGE = YES_ERROR;
				CLANG_WARN_DOCUMENTATION_COMMENTS = YES;
				CLANG_WARN_EMPTY_BODY = YES;
				CLANG_WARN_ENUM_CONVERSION = YES;
				CLANG_WARN_INFINITE_RECURSION = YES;
				CLANG_WARN_INT_CONVERSION = YES;
				CLANG_WARN_NON_LITERAL_NULL_CONVERSION = YES;
				CLANG_WARN_OBJC_IMPLICIT_RETAIN_SELF = YES;
				CLANG_WARN_OBJC_LITERAL_CONVERSION = YES;
				CLANG_WARN_OBJC_ROOT_CLASS = YES_ERROR;
				CLANG_WARN_QUOTED_INCLUDE_IN_FRAMEWORK_HEADER = YES;
				CLANG_WARN_RANGE_LOOP_ANALYSIS = YES;
				CLANG_WARN_STRICT_PROTOTYPES = YES;
				CLANG_WARN_SUSPICIOUS_MOVE = YES;
				CLANG_WARN_UNGUARDED_AVAILABILITY = YES_AGGRESSIVE;
				CLANG_WARN_UNREACHABLE_CODE = YES;
				CLANG_WARN__DUPLICATE_METHOD_MATCH = YES;
				COPY_PHASE_STRIP = NO;
				DEBUG_INFORMATION_FORMAT = "dwarf-with-dsym";
				ENABLE_NS_ASSERTIONS = NO;
				ENABLE_STRICT_OBJC_MSGSEND = YES;
				GCC_C_LANGUAGE_STANDARD = gnu11;
				GCC_NO_COMMON_BLOCKS = YES;
				GCC_WARN_64_TO_32_BIT_CONVERSION = YES;
				GCC_WARN_ABOUT_RETURN_TYPE = YES_ERROR;
				GCC_WARN_UNDECLARED_SELECTOR = YES;
				GCC_WARN_UNINITIALIZED_AUTOS = YES_AGGRESSIVE;
				GCC_WARN_UNUSED_FUNCTION = YES;
				GCC_WARN_UNUSED_VARIABLE = YES;
				IPHONEOS_DEPLOYMENT_TARGET = 15.0;
				MTL_ENABLE_DEBUG_INFO = NO;
				MTL_FAST_MATH = YES;
				SDKROOT = iphoneos;
				SWIFT_COMPILATION_MODE = wholemodule;
				SWIFT_OPTIMIZATION_LEVEL = "-O";
				VALIDATE_PRODUCT = YES;
			};
			name = Release;
		};
		02E9C59628429D32002A4253 /* Debug */ = {
			isa = XCBuildConfiguration;
			baseConfigurationReference = CA3799F107452DE7A1A8B0FE /* Pods-Eventful.debug.xcconfig */;
			buildSettings = {
				ASSETCATALOG_COMPILER_APPICON_NAME = AppIcon;
				ASSETCATALOG_COMPILER_GLOBAL_ACCENT_COLOR_NAME = AccentColor;
				CODE_SIGN_STYLE = Automatic;
				CURRENT_PROJECT_VERSION = 1;
				DEVELOPMENT_TEAM = 7GZTFJ44QJ;
				GENERATE_INFOPLIST_FILE = YES;
				INFOPLIST_FILE = Eventful/Info.plist;
				INFOPLIST_KEY_UIApplicationSupportsIndirectInputEvents = YES;
				INFOPLIST_KEY_UILaunchStoryboardName = LaunchScreen;
				INFOPLIST_KEY_UIMainStoryboardFile = Main;
				INFOPLIST_KEY_UISupportedInterfaceOrientations = UIInterfaceOrientationPortrait;
				INFOPLIST_KEY_UISupportedInterfaceOrientations_iPad = "UIInterfaceOrientationPortrait UIInterfaceOrientationPortraitUpsideDown UIInterfaceOrientationLandscapeLeft UIInterfaceOrientationLandscapeRight";
				INFOPLIST_KEY_UISupportedInterfaceOrientations_iPhone = "UIInterfaceOrientationPortrait UIInterfaceOrientationLandscapeLeft UIInterfaceOrientationLandscapeRight";
				LD_RUNPATH_SEARCH_PATHS = (
					"$(inherited)",
					"@executable_path/Frameworks",
				);
				MARKETING_VERSION = 1.0;
				PRODUCT_BUNDLE_IDENTIFIER = com.felipe.Eventful;
				PRODUCT_NAME = "$(TARGET_NAME)";
				SWIFT_EMIT_LOC_STRINGS = YES;
				SWIFT_VERSION = 5.0;
				TARGETED_DEVICE_FAMILY = 1;
			};
			name = Debug;
		};
		02E9C59728429D32002A4253 /* Release */ = {
			isa = XCBuildConfiguration;
			baseConfigurationReference = 450C6264FC23D18163270047 /* Pods-Eventful.release.xcconfig */;
			buildSettings = {
				ASSETCATALOG_COMPILER_APPICON_NAME = AppIcon;
				ASSETCATALOG_COMPILER_GLOBAL_ACCENT_COLOR_NAME = AccentColor;
				CODE_SIGN_STYLE = Automatic;
				CURRENT_PROJECT_VERSION = 1;
				DEVELOPMENT_TEAM = 7GZTFJ44QJ;
				GENERATE_INFOPLIST_FILE = YES;
				INFOPLIST_FILE = Eventful/Info.plist;
				INFOPLIST_KEY_UIApplicationSupportsIndirectInputEvents = YES;
				INFOPLIST_KEY_UILaunchStoryboardName = LaunchScreen;
				INFOPLIST_KEY_UIMainStoryboardFile = Main;
				INFOPLIST_KEY_UISupportedInterfaceOrientations = UIInterfaceOrientationPortrait;
				INFOPLIST_KEY_UISupportedInterfaceOrientations_iPad = "UIInterfaceOrientationPortrait UIInterfaceOrientationPortraitUpsideDown UIInterfaceOrientationLandscapeLeft UIInterfaceOrientationLandscapeRight";
				INFOPLIST_KEY_UISupportedInterfaceOrientations_iPhone = "UIInterfaceOrientationPortrait UIInterfaceOrientationLandscapeLeft UIInterfaceOrientationLandscapeRight";
				LD_RUNPATH_SEARCH_PATHS = (
					"$(inherited)",
					"@executable_path/Frameworks",
				);
				MARKETING_VERSION = 1.0;
				PRODUCT_BUNDLE_IDENTIFIER = com.felipe.Eventful;
				PRODUCT_NAME = "$(TARGET_NAME)";
				SWIFT_EMIT_LOC_STRINGS = YES;
				SWIFT_VERSION = 5.0;
				TARGETED_DEVICE_FAMILY = 1;
			};
			name = Release;
		};
/* End XCBuildConfiguration section */

/* Begin XCConfigurationList section */
		02E9C57928429D2F002A4253 /* Build configuration list for PBXProject "Eventful" */ = {
			isa = XCConfigurationList;
			buildConfigurations = (
				02E9C59328429D32002A4253 /* Debug */,
				02E9C59428429D32002A4253 /* Release */,
			);
			defaultConfigurationIsVisible = 0;
			defaultConfigurationName = Release;
		};
		02E9C59528429D32002A4253 /* Build configuration list for PBXNativeTarget "Eventful" */ = {
			isa = XCConfigurationList;
			buildConfigurations = (
				02E9C59628429D32002A4253 /* Debug */,
				02E9C59728429D32002A4253 /* Release */,
			);
			defaultConfigurationIsVisible = 0;
			defaultConfigurationName = Release;
		};
/* End XCConfigurationList section */

/* Begin XCVersionGroup section */
		02E9C58A28429D2F002A4253 /* Eventful.xcdatamodeld */ = {
			isa = XCVersionGroup;
			children = (
				02E9C58B28429D2F002A4253 /* Eventful.xcdatamodel */,
			);
			currentVersion = 02E9C58B28429D2F002A4253 /* Eventful.xcdatamodel */;
			path = Eventful.xcdatamodeld;
			sourceTree = "<group>";
			versionGroupType = wrapper.xcdatamodel;
		};
/* End XCVersionGroup section */
	};
	rootObject = 02E9C57628429D2F002A4253 /* Project object */;
}
